// !$*UTF8*$!
{
	archiveVersion = 1;
	classes = {
	};
	objectVersion = 46;
	objects = {

/* Begin PBXBuildFile section */
		80018F4C1AD487E4007C81CD /* main.cpp in Sources */ = {isa = PBXBuildFile; fileRef = 80018F4B1AD487E4007C81CD /* main.cpp */; };
		80018F561AD5C6D1007C81CD /* Layer.cpp in Sources */ = {isa = PBXBuildFile; fileRef = 80018F541AD5C6D1007C81CD /* Layer.cpp */; };
		80018F5A1AD5D9C1007C81CD /* NeuralNetwork.cpp in Sources */ = {isa = PBXBuildFile; fileRef = 80018F581AD5D9C1007C81CD /* NeuralNetwork.cpp */; };
		8068CBB11B47EDCE00E2B1A7 /* FCLayer.cpp in Sources */ = {isa = PBXBuildFile; fileRef = 8068CBAF1B47EDCE00E2B1A7 /* FCLayer.cpp */; };
/* End PBXBuildFile section */

/* Begin PBXCopyFilesBuildPhase section */
		80018F461AD487E4007C81CD /* CopyFiles */ = {
			isa = PBXCopyFilesBuildPhase;
			buildActionMask = 2147483647;
			dstPath = /usr/share/man/man1/;
			dstSubfolderSpec = 0;
			files = (
			);
			runOnlyForDeploymentPostprocessing = 1;
		};
/* End PBXCopyFilesBuildPhase section */

/* Begin PBXFileReference section */
		80018F481AD487E4007C81CD /* NeuralNetworks */ = {isa = PBXFileReference; explicitFileType = "compiled.mach-o.executable"; includeInIndex = 0; path = NeuralNetworks; sourceTree = BUILT_PRODUCTS_DIR; };
		80018F4B1AD487E4007C81CD /* main.cpp */ = {isa = PBXFileReference; lastKnownFileType = sourcecode.cpp.cpp; path = main.cpp; sourceTree = "<group>"; };
		80018F521AD5C294007C81CD /* NN.h */ = {isa = PBXFileReference; lastKnownFileType = sourcecode.c.h; path = NN.h; sourceTree = "<group>"; };
		80018F531AD5C2A0007C81CD /* ActivationFunc.h */ = {isa = PBXFileReference; lastKnownFileType = sourcecode.c.h; path = ActivationFunc.h; sourceTree = "<group>"; };
		80018F541AD5C6D1007C81CD /* Layer.cpp */ = {isa = PBXFileReference; fileEncoding = 4; lastKnownFileType = sourcecode.cpp.cpp; path = Layer.cpp; sourceTree = "<group>"; };
		80018F551AD5C6D1007C81CD /* Layer.h */ = {isa = PBXFileReference; fileEncoding = 4; lastKnownFileType = sourcecode.c.h; path = Layer.h; sourceTree = "<group>"; };
		80018F571AD5D572007C81CD /* CostFunc.h */ = {isa = PBXFileReference; lastKnownFileType = sourcecode.c.h; path = CostFunc.h; sourceTree = "<group>"; };
		80018F581AD5D9C1007C81CD /* NeuralNetwork.cpp */ = {isa = PBXFileReference; fileEncoding = 4; lastKnownFileType = sourcecode.cpp.cpp; path = NeuralNetwork.cpp; sourceTree = "<group>"; };
		80018F591AD5D9C1007C81CD /* NeuralNetwork.h */ = {isa = PBXFileReference; fileEncoding = 4; lastKnownFileType = sourcecode.c.h; path = NeuralNetwork.h; sourceTree = "<group>"; };
		8068CBAF1B47EDCE00E2B1A7 /* FCLayer.cpp */ = {isa = PBXFileReference; fileEncoding = 4; lastKnownFileType = sourcecode.cpp.cpp; path = FCLayer.cpp; sourceTree = "<group>"; };
		8068CBB01B47EDCE00E2B1A7 /* FCLayer.h */ = {isa = PBXFileReference; fileEncoding = 4; lastKnownFileType = sourcecode.c.h; path = FCLayer.h; sourceTree = "<group>"; };
		807BA6951AD715CA00BB878B /* Optimizer.h */ = {isa = PBXFileReference; lastKnownFileType = sourcecode.c.h; path = Optimizer.h; sourceTree = "<group>"; };
		80B3E9B01AD92E9900B9726C /* MNistParser.h */ = {isa = PBXFileReference; lastKnownFileType = sourcecode.c.h; path = MNistParser.h; sourceTree = "<group>"; };
		80B3E9B11AD9370500B9726C /* Data.h */ = {isa = PBXFileReference; lastKnownFileType = sourcecode.c.h; path = Data.h; sourceTree = "<group>"; };
/* End PBXFileReference section */

/* Begin PBXFrameworksBuildPhase section */
		80018F451AD487E4007C81CD /* Frameworks */ = {
			isa = PBXFrameworksBuildPhase;
			buildActionMask = 2147483647;
			files = (
			);
			runOnlyForDeploymentPostprocessing = 0;
		};
/* End PBXFrameworksBuildPhase section */

/* Begin PBXGroup section */
		80018F3F1AD487E4007C81CD = {
			isa = PBXGroup;
			children = (
				80018F4A1AD487E4007C81CD /* NeuralNetworks */,
				80018F491AD487E4007C81CD /* Products */,
			);
			sourceTree = "<group>";
		};
		80018F491AD487E4007C81CD /* Products */ = {
			isa = PBXGroup;
			children = (
				80018F481AD487E4007C81CD /* NeuralNetworks */,
			);
			name = Products;
			sourceTree = "<group>";
		};
		80018F4A1AD487E4007C81CD /* NeuralNetworks */ = {
			isa = PBXGroup;
			children = (
				80018F4B1AD487E4007C81CD /* main.cpp */,
				80018F521AD5C294007C81CD /* NN.h */,
				80018F531AD5C2A0007C81CD /* ActivationFunc.h */,
				80018F571AD5D572007C81CD /* CostFunc.h */,
				80B3E9B01AD92E9900B9726C /* MNistParser.h */,
				80B3E9B11AD9370500B9726C /* Data.h */,
				807BA6951AD715CA00BB878B /* Optimizer.h */,
				80018F541AD5C6D1007C81CD /* Layer.cpp */,
				80018F551AD5C6D1007C81CD /* Layer.h */,
				8068CBAF1B47EDCE00E2B1A7 /* FCLayer.cpp */,
				8068CBB01B47EDCE00E2B1A7 /* FCLayer.h */,
				80018F581AD5D9C1007C81CD /* NeuralNetwork.cpp */,
				80018F591AD5D9C1007C81CD /* NeuralNetwork.h */,
			);
			path = NeuralNetworks;
			sourceTree = "<group>";
		};
/* End PBXGroup section */

/* Begin PBXNativeTarget section */
		80018F471AD487E4007C81CD /* NeuralNetworks */ = {
			isa = PBXNativeTarget;
			buildConfigurationList = 80018F4F1AD487E4007C81CD /* Build configuration list for PBXNativeTarget "NeuralNetworks" */;
			buildPhases = (
				80018F441AD487E4007C81CD /* Sources */,
				80018F451AD487E4007C81CD /* Frameworks */,
				80018F461AD487E4007C81CD /* CopyFiles */,
			);
			buildRules = (
			);
			dependencies = (
			);
			name = NeuralNetworks;
			productName = NeuralNetworks;
			productReference = 80018F481AD487E4007C81CD /* NeuralNetworks */;
			productType = "com.apple.product-type.tool";
		};
/* End PBXNativeTarget section */

/* Begin PBXProject section */
		80018F401AD487E4007C81CD /* Project object */ = {
			isa = PBXProject;
			attributes = {
				LastUpgradeCheck = 0600;
				ORGANIZATIONNAME = "Thomas Hubert";
				TargetAttributes = {
					80018F471AD487E4007C81CD = {
						CreatedOnToolsVersion = 6.0.1;
					};
				};
			};
			buildConfigurationList = 80018F431AD487E4007C81CD /* Build configuration list for PBXProject "NeuralNetworks" */;
			compatibilityVersion = "Xcode 3.2";
			developmentRegion = English;
			hasScannedForEncodings = 0;
			knownRegions = (
				en,
			);
			mainGroup = 80018F3F1AD487E4007C81CD;
			productRefGroup = 80018F491AD487E4007C81CD /* Products */;
			projectDirPath = "";
			projectRoot = "";
			targets = (
				80018F471AD487E4007C81CD /* NeuralNetworks */,
			);
		};
/* End PBXProject section */

/* Begin PBXSourcesBuildPhase section */
		80018F441AD487E4007C81CD /* Sources */ = {
			isa = PBXSourcesBuildPhase;
			buildActionMask = 2147483647;
			files = (
				80018F4C1AD487E4007C81CD /* main.cpp in Sources */,
				80018F561AD5C6D1007C81CD /* Layer.cpp in Sources */,
				8068CBB11B47EDCE00E2B1A7 /* FCLayer.cpp in Sources */,
				80018F5A1AD5D9C1007C81CD /* NeuralNetwork.cpp in Sources */,
			);
			runOnlyForDeploymentPostprocessing = 0;
		};
/* End PBXSourcesBuildPhase section */

/* Begin XCBuildConfiguration section */
		80018F4D1AD487E4007C81CD /* Debug */ = {
			isa = XCBuildConfiguration;
			buildSettings = {
				ALWAYS_SEARCH_USER_PATHS = NO;
				CLANG_CXX_LANGUAGE_STANDARD = "gnu++14";
				CLANG_CXX_LIBRARY = "libc++";
				CLANG_ENABLE_MODULES = YES;
				CLANG_ENABLE_OBJC_ARC = YES;
				CLANG_WARN_BOOL_CONVERSION = YES;
				CLANG_WARN_CONSTANT_CONVERSION = YES;
				CLANG_WARN_DIRECT_OBJC_ISA_USAGE = YES_ERROR;
				CLANG_WARN_EMPTY_BODY = YES;
				CLANG_WARN_ENUM_CONVERSION = YES;
				CLANG_WARN_INT_CONVERSION = YES;
				CLANG_WARN_OBJC_ROOT_CLASS = YES_ERROR;
				CLANG_WARN_UNREACHABLE_CODE = YES;
				CLANG_WARN__DUPLICATE_METHOD_MATCH = YES;
				COPY_PHASE_STRIP = NO;
				ENABLE_STRICT_OBJC_MSGSEND = YES;
				GCC_C_LANGUAGE_STANDARD = gnu99;
				GCC_DYNAMIC_NO_PIC = NO;
				GCC_OPTIMIZATION_LEVEL = 0;
				GCC_PREPROCESSOR_DEFINITIONS = (
					"DEBUG=1",
					"$(inherited)",
				);
				GCC_SYMBOLS_PRIVATE_EXTERN = NO;
				GCC_WARN_64_TO_32_BIT_CONVERSION = YES;
				GCC_WARN_ABOUT_RETURN_TYPE = YES_ERROR;
				GCC_WARN_UNDECLARED_SELECTOR = YES;
				GCC_WARN_UNINITIALIZED_AUTOS = YES_AGGRESSIVE;
				GCC_WARN_UNUSED_FUNCTION = YES;
				GCC_WARN_UNUSED_VARIABLE = YES;
				MACOSX_DEPLOYMENT_TARGET = 10.10;
				MTL_ENABLE_DEBUG_INFO = YES;
				ONLY_ACTIVE_ARCH = YES;
				SDKROOT = macosx;
			};
			name = Debug;
		};
		80018F4E1AD487E4007C81CD /* Release */ = {
			isa = XCBuildConfiguration;
			buildSettings = {
				ALWAYS_SEARCH_USER_PATHS = NO;
				CLANG_CXX_LANGUAGE_STANDARD = "gnu++14";
				CLANG_CXX_LIBRARY = "libc++";
				CLANG_ENABLE_MODULES = YES;
				CLANG_ENABLE_OBJC_ARC = YES;
				CLANG_WARN_BOOL_CONVERSION = YES;
				CLANG_WARN_CONSTANT_CONVERSION = YES;
				CLANG_WARN_DIRECT_OBJC_ISA_USAGE = YES_ERROR;
				CLANG_WARN_EMPTY_BODY = YES;
				CLANG_WARN_ENUM_CONVERSION = YES;
				CLANG_WARN_INT_CONVERSION = YES;
				CLANG_WARN_OBJC_ROOT_CLASS = YES_ERROR;
				CLANG_WARN_UNREACHABLE_CODE = YES;
				CLANG_WARN__DUPLICATE_METHOD_MATCH = YES;
				COPY_PHASE_STRIP = YES;
				DEBUG_INFORMATION_FORMAT = "dwarf-with-dsym";
				ENABLE_NS_ASSERTIONS = NO;
				ENABLE_STRICT_OBJC_MSGSEND = YES;
				GCC_C_LANGUAGE_STANDARD = gnu99;
				GCC_OPTIMIZATION_LEVEL = fast;
				GCC_WARN_64_TO_32_BIT_CONVERSION = YES;
				GCC_WARN_ABOUT_RETURN_TYPE = YES_ERROR;
				GCC_WARN_UNDECLARED_SELECTOR = YES;
				GCC_WARN_UNINITIALIZED_AUTOS = YES_AGGRESSIVE;
				GCC_WARN_UNUSED_FUNCTION = YES;
				GCC_WARN_UNUSED_VARIABLE = YES;
				MACOSX_DEPLOYMENT_TARGET = 10.10;
				MTL_ENABLE_DEBUG_INFO = NO;
				SDKROOT = macosx;
			};
			name = Release;
		};
		80018F501AD487E4007C81CD /* Debug */ = {
			isa = XCBuildConfiguration;
			buildSettings = {
				PRODUCT_NAME = "$(TARGET_NAME)";
			};
			name = Debug;
		};
		80018F511AD487E4007C81CD /* Release */ = {
			isa = XCBuildConfiguration;
			buildSettings = {
				GCC_OPTIMIZATION_LEVEL = fast;
				PRODUCT_NAME = "$(TARGET_NAME)";
			};
			name = Release;
		};
/* End XCBuildConfiguration section */

/* Begin XCConfigurationList section */
		80018F431AD487E4007C81CD /* Build configuration list for PBXProject "NeuralNetworks" */ = {
			isa = XCConfigurationList;
			buildConfigurations = (
				80018F4D1AD487E4007C81CD /* Debug */,
				80018F4E1AD487E4007C81CD /* Release */,
			);
			defaultConfigurationIsVisible = 0;
			defaultConfigurationName = Release;
		};
		80018F4F1AD487E4007C81CD /* Build configuration list for PBXNativeTarget "NeuralNetworks" */ = {
			isa = XCConfigurationList;
			buildConfigurations = (
				80018F501AD487E4007C81CD /* Debug */,
				80018F511AD487E4007C81CD /* Release */,
			);
			defaultConfigurationIsVisible = 0;
			defaultConfigurationName = Release;
		};
/* End XCConfigurationList section */
	};
	rootObject = 80018F401AD487E4007C81CD /* Project object */;
}
